// !$*UTF8*$!
{
	archiveVersion = 1;
	classes = {
	};
	objectVersion = 55;
	objects = {

/* Begin PBXBuildFile section */
		BF039B5A281878AC008F7525 /* AppDelegate.swift in Sources */ = {isa = PBXBuildFile; fileRef = BF039B59281878AC008F7525 /* AppDelegate.swift */; };
		BF039B5C281878AC008F7525 /* SceneDelegate.swift in Sources */ = {isa = PBXBuildFile; fileRef = BF039B5B281878AC008F7525 /* SceneDelegate.swift */; };
		BF039B5E281878AC008F7525 /* ViewController.swift in Sources */ = {isa = PBXBuildFile; fileRef = BF039B5D281878AC008F7525 /* ViewController.swift */; };
		BF039B61281878AC008F7525 /* Main.storyboard in Resources */ = {isa = PBXBuildFile; fileRef = BF039B5F281878AC008F7525 /* Main.storyboard */; };
		BF039B63281878AE008F7525 /* Assets.xcassets in Resources */ = {isa = PBXBuildFile; fileRef = BF039B62281878AE008F7525 /* Assets.xcassets */; };
		BF039B66281878AE008F7525 /* LaunchScreen.storyboard in Resources */ = {isa = PBXBuildFile; fileRef = BF039B64281878AE008F7525 /* LaunchScreen.storyboard */; };
		BF039B71281878AE008F7525 /* tic_tac_toe_finalTests.swift in Sources */ = {isa = PBXBuildFile; fileRef = BF039B70281878AE008F7525 /* tic_tac_toe_finalTests.swift */; };
		BF039B7B281878AF008F7525 /* tic_tac_toe_finalUITests.swift in Sources */ = {isa = PBXBuildFile; fileRef = BF039B7A281878AF008F7525 /* tic_tac_toe_finalUITests.swift */; };
		BF039B7D281878AF008F7525 /* tic_tac_toe_finalUITestsLaunchTests.swift in Sources */ = {isa = PBXBuildFile; fileRef = BF039B7C281878AF008F7525 /* tic_tac_toe_finalUITestsLaunchTests.swift */; };
		BF848BDC281B1B1500BF89C0 /* 2ViewController.swift in Sources */ = {isa = PBXBuildFile; fileRef = BF848BDB281B1B1500BF89C0 /* 2ViewController.swift */; };
/* End PBXBuildFile section */

/* Begin PBXContainerItemProxy section */
		BF039B6D281878AE008F7525 /* PBXContainerItemProxy */ = {
			isa = PBXContainerItemProxy;
			containerPortal = BF039B4E281878AC008F7525 /* Project object */;
			proxyType = 1;
			remoteGlobalIDString = BF039B55281878AC008F7525;
			remoteInfo = "tic tac toe final";
		};
		BF039B77281878AF008F7525 /* PBXContainerItemProxy */ = {
			isa = PBXContainerItemProxy;
			containerPortal = BF039B4E281878AC008F7525 /* Project object */;
			proxyType = 1;
			remoteGlobalIDString = BF039B55281878AC008F7525;
			remoteInfo = "tic tac toe final";
		};
/* End PBXContainerItemProxy section */

/* Begin PBXFileReference section */
		BF039B56281878AC008F7525 /* tic tac toe final.app */ = {isa = PBXFileReference; explicitFileType = wrapper.application; includeInIndex = 0; path = "tic tac toe final.app"; sourceTree = BUILT_PRODUCTS_DIR; };
		BF039B59281878AC008F7525 /* AppDelegate.swift */ = {isa = PBXFileReference; lastKnownFileType = sourcecode.swift; path = AppDelegate.swift; sourceTree = "<group>"; };
		BF039B5B281878AC008F7525 /* SceneDelegate.swift */ = {isa = PBXFileReference; lastKnownFileType = sourcecode.swift; path = SceneDelegate.swift; sourceTree = "<group>"; };
		BF039B5D281878AC008F7525 /* ViewController.swift */ = {isa = PBXFileReference; lastKnownFileType = sourcecode.swift; path = ViewController.swift; sourceTree = "<group>"; };
		BF039B60281878AC008F7525 /* Base */ = {isa = PBXFileReference; lastKnownFileType = file.storyboard; name = Base; path = Base.lproj/Main.storyboard; sourceTree = "<group>"; };
		BF039B62281878AE008F7525 /* Assets.xcassets */ = {isa = PBXFileReference; lastKnownFileType = folder.assetcatalog; path = Assets.xcassets; sourceTree = "<group>"; };
		BF039B65281878AE008F7525 /* Base */ = {isa = PBXFileReference; lastKnownFileType = file.storyboard; name = Base; path = Base.lproj/LaunchScreen.storyboard; sourceTree = "<group>"; };
		BF039B67281878AE008F7525 /* Info.plist */ = {isa = PBXFileReference; lastKnownFileType = text.plist.xml; path = Info.plist; sourceTree = "<group>"; };
		BF039B6C281878AE008F7525 /* tic tac toe finalTests.xctest */ = {isa = PBXFileReference; explicitFileType = wrapper.cfbundle; includeInIndex = 0; path = "tic tac toe finalTests.xctest"; sourceTree = BUILT_PRODUCTS_DIR; };
		BF039B70281878AE008F7525 /* tic_tac_toe_finalTests.swift */ = {isa = PBXFileReference; lastKnownFileType = sourcecode.swift; path = tic_tac_toe_finalTests.swift; sourceTree = "<group>"; };
		BF039B76281878AF008F7525 /* tic tac toe finalUITests.xctest */ = {isa = PBXFileReference; explicitFileType = wrapper.cfbundle; includeInIndex = 0; path = "tic tac toe finalUITests.xctest"; sourceTree = BUILT_PRODUCTS_DIR; };
		BF039B7A281878AF008F7525 /* tic_tac_toe_finalUITests.swift */ = {isa = PBXFileReference; lastKnownFileType = sourcecode.swift; path = tic_tac_toe_finalUITests.swift; sourceTree = "<group>"; };
		BF039B7C281878AF008F7525 /* tic_tac_toe_finalUITestsLaunchTests.swift */ = {isa = PBXFileReference; lastKnownFileType = sourcecode.swift; path = tic_tac_toe_finalUITestsLaunchTests.swift; sourceTree = "<group>"; };
		BF848BDB281B1B1500BF89C0 /* 2ViewController.swift */ = {isa = PBXFileReference; lastKnownFileType = sourcecode.swift; path = 2ViewController.swift; sourceTree = "<group>"; };
/* End PBXFileReference section */

/* Begin PBXFrameworksBuildPhase section */
		BF039B53281878AC008F7525 /* Frameworks */ = {
			isa = PBXFrameworksBuildPhase;
			buildActionMask = 2147483647;
			files = (
			);
			runOnlyForDeploymentPostprocessing = 0;
		};
		BF039B69281878AE008F7525 /* Frameworks */ = {
			isa = PBXFrameworksBuildPhase;
			buildActionMask = 2147483647;
			files = (
			);
			runOnlyForDeploymentPostprocessing = 0;
		};
		BF039B73281878AF008F7525 /* Frameworks */ = {
			isa = PBXFrameworksBuildPhase;
			buildActionMask = 2147483647;
			files = (
			);
			runOnlyForDeploymentPostprocessing = 0;
		};
/* End PBXFrameworksBuildPhase section */

/* Begin PBXGroup section */
		BF039B4D281878AC008F7525 = {
			isa = PBXGroup;
			children = (
				BF039B58281878AC008F7525 /* tic tac toe final */,
				BF039B6F281878AE008F7525 /* tic tac toe finalTests */,
				BF039B79281878AF008F7525 /* tic tac toe finalUITests */,
				BF039B57281878AC008F7525 /* Products */,
			);
			sourceTree = "<group>";
		};
		BF039B57281878AC008F7525 /* Products */ = {
			isa = PBXGroup;
			children = (
				BF039B56281878AC008F7525 /* tic tac toe final.app */,
				BF039B6C281878AE008F7525 /* tic tac toe finalTests.xctest */,
				BF039B76281878AF008F7525 /* tic tac toe finalUITests.xctest */,
			);
			name = Products;
			sourceTree = "<group>";
		};
		BF039B58281878AC008F7525 /* tic tac toe final */ = {
			isa = PBXGroup;
			children = (
				BF039B59281878AC008F7525 /* AppDelegate.swift */,
				BF039B5B281878AC008F7525 /* SceneDelegate.swift */,
				BF039B5F281878AC008F7525 /* Main.storyboard */,
				BF039B5D281878AC008F7525 /* ViewController.swift */,
				BF848BDB281B1B1500BF89C0 /* 2ViewController.swift */,
				BF039B62281878AE008F7525 /* Assets.xcassets */,
				BF039B64281878AE008F7525 /* LaunchScreen.storyboard */,
				BF039B67281878AE008F7525 /* Info.plist */,
			);
			path = "tic tac toe final";
			sourceTree = "<group>";
		};
		BF039B6F281878AE008F7525 /* tic tac toe finalTests */ = {
			isa = PBXGroup;
			children = (
				BF039B70281878AE008F7525 /* tic_tac_toe_finalTests.swift */,
			);
			path = "tic tac toe finalTests";
			sourceTree = "<group>";
		};
		BF039B79281878AF008F7525 /* tic tac toe finalUITests */ = {
			isa = PBXGroup;
			children = (
				BF039B7A281878AF008F7525 /* tic_tac_toe_finalUITests.swift */,
				BF039B7C281878AF008F7525 /* tic_tac_toe_finalUITestsLaunchTests.swift */,
			);
			path = "tic tac toe finalUITests";
			sourceTree = "<group>";
		};
/* End PBXGroup section */

/* Begin PBXNativeTarget section */
		BF039B55281878AC008F7525 /* tic tac toe final */ = {
			isa = PBXNativeTarget;
			buildConfigurationList = BF039B80281878AF008F7525 /* Build configuration list for PBXNativeTarget "tic tac toe final" */;
			buildPhases = (
				BF039B52281878AC008F7525 /* Sources */,
				BF039B53281878AC008F7525 /* Frameworks */,
				BF039B54281878AC008F7525 /* Resources */,
			);
			buildRules = (
			);
			dependencies = (
			);
			name = "tic tac toe final";
			productName = "tic tac toe final";
			productReference = BF039B56281878AC008F7525 /* tic tac toe final.app */;
			productType = "com.apple.product-type.application";
		};
		BF039B6B281878AE008F7525 /* tic tac toe finalTests */ = {
			isa = PBXNativeTarget;
			buildConfigurationList = BF039B83281878AF008F7525 /* Build configuration list for PBXNativeTarget "tic tac toe finalTests" */;
			buildPhases = (
				BF039B68281878AE008F7525 /* Sources */,
				BF039B69281878AE008F7525 /* Frameworks */,
				BF039B6A281878AE008F7525 /* Resources */,
			);
			buildRules = (
			);
			dependencies = (
				BF039B6E281878AE008F7525 /* PBXTargetDependency */,
			);
			name = "tic tac toe finalTests";
			productName = "tic tac toe finalTests";
			productReference = BF039B6C281878AE008F7525 /* tic tac toe finalTests.xctest */;
			productType = "com.apple.product-type.bundle.unit-test";
		};
		BF039B75281878AF008F7525 /* tic tac toe finalUITests */ = {
			isa = PBXNativeTarget;
			buildConfigurationList = BF039B86281878AF008F7525 /* Build configuration list for PBXNativeTarget "tic tac toe finalUITests" */;
			buildPhases = (
				BF039B72281878AF008F7525 /* Sources */,
				BF039B73281878AF008F7525 /* Frameworks */,
				BF039B74281878AF008F7525 /* Resources */,
			);
			buildRules = (
			);
			dependencies = (
				BF039B78281878AF008F7525 /* PBXTargetDependency */,
			);
			name = "tic tac toe finalUITests";
			productName = "tic tac toe finalUITests";
			productReference = BF039B76281878AF008F7525 /* tic tac toe finalUITests.xctest */;
			productType = "com.apple.product-type.bundle.ui-testing";
		};
/* End PBXNativeTarget section */

/* Begin PBXProject section */
		BF039B4E281878AC008F7525 /* Project object */ = {
			isa = PBXProject;
			attributes = {
				BuildIndependentTargetsInParallel = 1;
				LastSwiftUpdateCheck = 1330;
				LastUpgradeCheck = 1330;
				TargetAttributes = {
					BF039B55281878AC008F7525 = {
						CreatedOnToolsVersion = 13.3;
					};
					BF039B6B281878AE008F7525 = {
						CreatedOnToolsVersion = 13.3;
						TestTargetID = BF039B55281878AC008F7525;
					};
					BF039B75281878AF008F7525 = {
						CreatedOnToolsVersion = 13.3;
						TestTargetID = BF039B55281878AC008F7525;
					};
				};
			};
			buildConfigurationList = BF039B51281878AC008F7525 /* Build configuration list for PBXProject "tic tac toe final" */;
			compatibilityVersion = "Xcode 13.0";
			developmentRegion = en;
			hasScannedForEncodings = 0;
			knownRegions = (
				en,
				Base,
			);
			mainGroup = BF039B4D281878AC008F7525;
			productRefGroup = BF039B57281878AC008F7525 /* Products */;
			projectDirPath = "";
			projectRoot = "";
			targets = (
				BF039B55281878AC008F7525 /* tic tac toe final */,
				BF039B6B281878AE008F7525 /* tic tac toe finalTests */,
				BF039B75281878AF008F7525 /* tic tac toe finalUITests */,
			);
		};
/* End PBXProject section */

/* Begin PBXResourcesBuildPhase section */
		BF039B54281878AC008F7525 /* Resources */ = {
			isa = PBXResourcesBuildPhase;
			buildActionMask = 2147483647;
			files = (
				BF039B66281878AE008F7525 /* LaunchScreen.storyboard in Resources */,
				BF039B63281878AE008F7525 /* Assets.xcassets in Resources */,
				BF039B61281878AC008F7525 /* Main.storyboard in Resources */,
			);
			runOnlyForDeploymentPostprocessing = 0;
		};
		BF039B6A281878AE008F7525 /* Resources */ = {
			isa = PBXResourcesBuildPhase;
			buildActionMask = 2147483647;
			files = (
			);
			runOnlyForDeploymentPostprocessing = 0;
		};
		BF039B74281878AF008F7525 /* Resources */ = {
			isa = PBXResourcesBuildPhase;
			buildActionMask = 2147483647;
			files = (
			);
			runOnlyForDeploymentPostprocessing = 0;
		};
/* End PBXResourcesBuildPhase section */

/* Begin PBXSourcesBuildPhase section */
		BF039B52281878AC008F7525 /* Sources */ = {
			isa = PBXSourcesBuildPhase;
			buildActionMask = 2147483647;
			files = (
				BF039B5E281878AC008F7525 /* ViewController.swift in Sources */,
				BF848BDC281B1B1500BF89C0 /* 2ViewController.swift in Sources */,
				BF039B5A281878AC008F7525 /* AppDelegate.swift in Sources */,
				BF039B5C281878AC008F7525 /* SceneDelegate.swift in Sources */,
			);
			runOnlyForDeploymentPostprocessing = 0;
		};
		BF039B68281878AE008F7525 /* Sources */ = {
			isa = PBXSourcesBuildPhase;
			buildActionMask = 2147483647;
			files = (
				BF039B71281878AE008F7525 /* tic_tac_toe_finalTests.swift in Sources */,
			);
			runOnlyForDeploymentPostprocessing = 0;
		};
		BF039B72281878AF008F7525 /* Sources */ = {
			isa = PBXSourcesBuildPhase;
			buildActionMask = 2147483647;
			files = (
				BF039B7D281878AF008F7525 /* tic_tac_toe_finalUITestsLaunchTests.swift in Sources */,
				BF039B7B281878AF008F7525 /* tic_tac_toe_finalUITests.swift in Sources */,
			);
			runOnlyForDeploymentPostprocessing = 0;
		};
/* End PBXSourcesBuildPhase section */

/* Begin PBXTargetDependency section */
		BF039B6E281878AE008F7525 /* PBXTargetDependency */ = {
			isa = PBXTargetDependency;
			target = BF039B55281878AC008F7525 /* tic tac toe final */;
			targetProxy = BF039B6D281878AE008F7525 /* PBXContainerItemProxy */;
		};
		BF039B78281878AF008F7525 /* PBXTargetDependency */ = {
			isa = PBXTargetDependency;
			target = BF039B55281878AC008F7525 /* tic tac toe final */;
			targetProxy = BF039B77281878AF008F7525 /* PBXContainerItemProxy */;
		};
/* End PBXTargetDependency section */

/* Begin PBXVariantGroup section */
		BF039B5F281878AC008F7525 /* Main.storyboard */ = {
			isa = PBXVariantGroup;
			children = (
				BF039B60281878AC008F7525 /* Base */,
			);
			name = Main.storyboard;
			sourceTree = "<group>";
		};
		BF039B64281878AE008F7525 /* LaunchScreen.storyboard */ = {
			isa = PBXVariantGroup;
			children = (
				BF039B65281878AE008F7525 /* Base */,
			);
			name = LaunchScreen.storyboard;
			sourceTree = "<group>";
		};
/* End PBXVariantGroup section */

/* Begin XCBuildConfiguration section */
		BF039B7E281878AF008F7525 /* Debug */ = {
			isa = XCBuildConfiguration;
			buildSettings = {
				ALWAYS_SEARCH_USER_PATHS = NO;
				CLANG_ANALYZER_NONNULL = YES;
				CLANG_ANALYZER_NUMBER_OBJECT_CONVERSION = YES_AGGRESSIVE;
				CLANG_CXX_LANGUAGE_STANDARD = "gnu++17";
				CLANG_ENABLE_MODULES = YES;
				CLANG_ENABLE_OBJC_ARC = YES;
				CLANG_ENABLE_OBJC_WEAK = YES;
				CLANG_WARN_BLOCK_CAPTURE_AUTORELEASING = YES;
				CLANG_WARN_BOOL_CONVERSION = YES;
				CLANG_WARN_COMMA = YES;
				CLANG_WARN_CONSTANT_CONVERSION = YES;
				CLANG_WARN_DEPRECATED_OBJC_IMPLEMENTATIONS = YES;
				CLANG_WARN_DIRECT_OBJC_ISA_USAGE = YES_ERROR;
				CLANG_WARN_DOCUMENTATION_COMMENTS = YES;
				CLANG_WARN_EMPTY_BODY = YES;
				CLANG_WARN_ENUM_CONVERSION = YES;
				CLANG_WARN_INFINITE_RECURSION = YES;
				CLANG_WARN_INT_CONVERSION = YES;
				CLANG_WARN_NON_LITERAL_NULL_CONVERSION = YES;
				CLANG_WARN_OBJC_IMPLICIT_RETAIN_SELF = YES;
				CLANG_WARN_OBJC_LITERAL_CONVERSION = YES;
				CLANG_WARN_OBJC_ROOT_CLASS = YES_ERROR;
				CLANG_WARN_QUOTED_INCLUDE_IN_FRAMEWORK_HEADER = YES;
				CLANG_WARN_RANGE_LOOP_ANALYSIS = YES;
				CLANG_WARN_STRICT_PROTOTYPES = YES;
				CLANG_WARN_SUSPICIOUS_MOVE = YES;
				CLANG_WARN_UNGUARDED_AVAILABILITY = YES_AGGRESSIVE;
				CLANG_WARN_UNREACHABLE_CODE = YES;
				CLANG_WARN__DUPLICATE_METHOD_MATCH = YES;
				COPY_PHASE_STRIP = NO;
				DEBUG_INFORMATION_FORMAT = dwarf;
				ENABLE_STRICT_OBJC_MSGSEND = YES;
				ENABLE_TESTABILITY = YES;
				GCC_C_LANGUAGE_STANDARD = gnu11;
				GCC_DYNAMIC_NO_PIC = NO;
				GCC_NO_COMMON_BLOCKS = YES;
				GCC_OPTIMIZATION_LEVEL = 0;
				GCC_PREPROCESSOR_DEFINITIONS = (
					"DEBUG=1",
					"$(inherited)",
				);
				GCC_WARN_64_TO_32_BIT_CONVERSION = YES;
				GCC_WARN_ABOUT_RETURN_TYPE = YES_ERROR;
				GCC_WARN_UNDECLARED_SELECTOR = YES;
				GCC_WARN_UNINITIALIZED_AUTOS = YES_AGGRESSIVE;
				GCC_WARN_UNUSED_FUNCTION = YES;
				GCC_WARN_UNUSED_VARIABLE = YES;
				IPHONEOS_DEPLOYMENT_TARGET = 15.4;
				MTL_ENABLE_DEBUG_INFO = INCLUDE_SOURCE;
				MTL_FAST_MATH = YES;
				ONLY_ACTIVE_ARCH = YES;
				SDKROOT = iphoneos;
				SWIFT_ACTIVE_COMPILATION_CONDITIONS = DEBUG;
				SWIFT_OPTIMIZATION_LEVEL = "-Onone";
			};
			name = Debug;
		};
		BF039B7F281878AF008F7525 /* Release */ = {
			isa = XCBuildConfiguration;
			buildSettings = {
				ALWAYS_SEARCH_USER_PATHS = NO;
				CLANG_ANALYZER_NONNULL = YES;
				CLANG_ANALYZER_NUMBER_OBJECT_CONVERSION = YES_AGGRESSIVE;
				CLANG_CXX_LANGUAGE_STANDARD = "gnu++17";
				CLANG_ENABLE_MODULES = YES;
				CLANG_ENABLE_OBJC_ARC = YES;
				CLANG_ENABLE_OBJC_WEAK = YES;
				CLANG_WARN_BLOCK_CAPTURE_AUTORELEASING = YES;
				CLANG_WARN_BOOL_CONVERSION = YES;
				CLANG_WARN_COMMA = YES;
				CLANG_WARN_CONSTANT_CONVERSION = YES;
				CLANG_WARN_DEPRECATED_OBJC_IMPLEMENTATIONS = YES;
				CLANG_WARN_DIRECT_OBJC_ISA_USAGE = YES_ERROR;
				CLANG_WARN_DOCUMENTATION_COMMENTS = YES;
				CLANG_WARN_EMPTY_BODY = YES;
				CLANG_WARN_ENUM_CONVERSION = YES;
				CLANG_WARN_INFINITE_RECURSION = YES;
				CLANG_WARN_INT_CONVERSION = YES;
				CLANG_WARN_NON_LITERAL_NULL_CONVERSION = YES;
				CLANG_WARN_OBJC_IMPLICIT_RETAIN_SELF = YES;
				CLANG_WARN_OBJC_LITERAL_CONVERSION = YES;
				CLANG_WARN_OBJC_ROOT_CLASS = YES_ERROR;
				CLANG_WARN_QUOTED_INCLUDE_IN_FRAMEWORK_HEADER = YES;
				CLANG_WARN_RANGE_LOOP_ANALYSIS = YES;
				CLANG_WARN_STRICT_PROTOTYPES = YES;
				CLANG_WARN_SUSPICIOUS_MOVE = YES;
				CLANG_WARN_UNGUARDED_AVAILABILITY = YES_AGGRESSIVE;
				CLANG_WARN_UNREACHABLE_CODE = YES;
				CLANG_WARN__DUPLICATE_METHOD_MATCH = YES;
				COPY_PHASE_STRIP = NO;
				DEBUG_INFORMATION_FORMAT = "dwarf-with-dsym";
				ENABLE_NS_ASSERTIONS = NO;
				ENABLE_STRICT_OBJC_MSGSEND = YES;
				GCC_C_LANGUAGE_STANDARD = gnu11;
				GCC_NO_COMMON_BLOCKS = YES;
				GCC_WARN_64_TO_32_BIT_CONVERSION = YES;
				GCC_WARN_ABOUT_RETURN_TYPE = YES_ERROR;
				GCC_WARN_UNDECLARED_SELECTOR = YES;
				GCC_WARN_UNINITIALIZED_AUTOS = YES_AGGRESSIVE;
				GCC_WARN_UNUSED_FUNCTION = YES;
				GCC_WARN_UNUSED_VARIABLE = YES;
				IPHONEOS_DEPLOYMENT_TARGET = 15.4;
				MTL_ENABLE_DEBUG_INFO = NO;
				MTL_FAST_MATH = YES;
				SDKROOT = iphoneos;
				SWIFT_COMPILATION_MODE = wholemodule;
				SWIFT_OPTIMIZATION_LEVEL = "-O";
				VALIDATE_PRODUCT = YES;
			};
			name = Release;
		};
		BF039B81281878AF008F7525 /* Debug */ = {
			isa = XCBuildConfiguration;
			buildSettings = {
				ASSETCATALOG_COMPILER_APPICON_NAME = AppIcon;
				ASSETCATALOG_COMPILER_GLOBAL_ACCENT_COLOR_NAME = AccentColor;
				CODE_SIGN_STYLE = Automatic;
				CURRENT_PROJECT_VERSION = 1;
				GENERATE_INFOPLIST_FILE = YES;
				INFOPLIST_FILE = "tic tac toe final/Info.plist";
				INFOPLIST_KEY_UIApplicationSupportsIndirectInputEvents = YES;
				INFOPLIST_KEY_UILaunchStoryboardName = LaunchScreen;
				INFOPLIST_KEY_UIMainStoryboardFile = Main;
				INFOPLIST_KEY_UISupportedInterfaceOrientations_iPad = "UIInterfaceOrientationPortrait UIInterfaceOrientationPortraitUpsideDown UIInterfaceOrientationLandscapeLeft UIInterfaceOrientationLandscapeRight";
				INFOPLIST_KEY_UISupportedInterfaceOrientations_iPhone = "UIInterfaceOrientationPortrait UIInterfaceOrientationLandscapeLeft UIInterfaceOrientationLandscapeRight";
				LD_RUNPATH_SEARCH_PATHS = (
					"$(inherited)",
					"@executable_path/Frameworks",
				);
				MARKETING_VERSION = 1.0;
				PRODUCT_BUNDLE_IDENTIFIER = "s.tic-tac-toe-final";
				PRODUCT_NAME = "$(TARGET_NAME)";
				SWIFT_EMIT_LOC_STRINGS = YES;
				SWIFT_VERSION = 5.0;
				TARGETED_DEVICE_FAMILY = "1,2";
			};
			name = Debug;
		};
		BF039B82281878AF008F7525 /* Release */ = {
			isa = XCBuildConfiguration;
			buildSettings = {
				ASSETCATALOG_COMPILER_APPICON_NAME = AppIcon;
				ASSETCATALOG_COMPILER_GLOBAL_ACCENT_COLOR_NAME = AccentColor;
				CODE_SIGN_STYLE = Automatic;
				CURRENT_PROJECT_VERSION = 1;
				GENERATE_INFOPLIST_FILE = YES;
				INFOPLIST_FILE = "tic tac toe final/Info.plist";
				INFOPLIST_KEY_UIApplicationSupportsIndirectInputEvents = YES;
				INFOPLIST_KEY_UILaunchStoryboardName = LaunchScreen;
				INFOPLIST_KEY_UIMainStoryboardFile = Main;
				INFOPLIST_KEY_UISupportedInterfaceOrientations_iPad = "UIInterfaceOrientationPortrait UIInterfaceOrientationPortraitUpsideDown UIInterfaceOrientationLandscapeLeft UIInterfaceOrientationLandscapeRight";
				INFOPLIST_KEY_UISupportedInterfaceOrientations_iPhone = "UIInterfaceOrientationPortrait UIInterfaceOrientationLandscapeLeft UIInterfaceOrientationLandscapeRight";
				LD_RUNPATH_SEARCH_PATHS = (
					"$(inherited)",
					"@executable_path/Frameworks",
				);
				MARKETING_VERSION = 1.0;
				PRODUCT_BUNDLE_IDENTIFIER = "s.tic-tac-toe-final";
				PRODUCT_NAME = "$(TARGET_NAME)";
				SWIFT_EMIT_LOC_STRINGS = YES;
				SWIFT_VERSION = 5.0;
				TARGETED_DEVICE_FAMILY = "1,2";
			};
			name = Release;
		};
		BF039B84281878AF008F7525 /* Debug */ = {
			isa = XCBuildConfiguration;
			buildSettings = {
				ALWAYS_EMBED_SWIFT_STANDARD_LIBRARIES = YES;
				BUNDLE_LOADER = "$(TEST_HOST)";
				CODE_SIGN_STYLE = Automatic;
				CURRENT_PROJECT_VERSION = 1;
				GENERATE_INFOPLIST_FILE = YES;
				IPHONEOS_DEPLOYMENT_TARGET = 15.4;
				MARKETING_VERSION = 1.0;
				PRODUCT_BUNDLE_IDENTIFIER = "s.tic-tac-toe-finalTests";
				PRODUCT_NAME = "$(TARGET_NAME)";
				SWIFT_EMIT_LOC_STRINGS = NO;
				SWIFT_VERSION = 5.0;
				TARGETED_DEVICE_FAMILY = "1,2";
				TEST_HOST = "$(BUILT_PRODUCTS_DIR)/tic tac toe final.app/tic tac toe final";
			};
			name = Debug;
		};
		BF039B85281878AF008F7525 /* Release */ = {
			isa = XCBuildConfiguration;
			buildSettings = {
				ALWAYS_EMBED_SWIFT_STANDARD_LIBRARIES = YES;
				BUNDLE_LOADER = "$(TEST_HOST)";
				CODE_SIGN_STYLE = Automatic;
				CURRENT_PROJECT_VERSION = 1;
				GENERATE_INFOPLIST_FILE = YES;
				IPHONEOS_DEPLOYMENT_TARGET = 15.4;
				MARKETING_VERSION = 1.0;
				PRODUCT_BUNDLE_IDENTIFIER = "s.tic-tac-toe-finalTests";
				PRODUCT_NAME = "$(TARGET_NAME)";
				SWIFT_EMIT_LOC_STRINGS = NO;
				SWIFT_VERSION = 5.0;
				TARGETED_DEVICE_FAMILY = "1,2";
				TEST_HOST = "$(BUILT_PRODUCTS_DIR)/tic tac toe final.app/tic tac toe final";
			};
			name = Release;
		};
		BF039B87281878AF008F7525 /* Debug */ = {
			isa = XCBuildConfiguration;
			buildSettings = {
				ALWAYS_EMBED_SWIFT_STANDARD_LIBRARIES = YES;
				CODE_SIGN_STYLE = Automatic;
				CURRENT_PROJECT_VERSION = 1;
				GENERATE_INFOPLIST_FILE = YES;
				MARKETING_VERSION = 1.0;
				PRODUCT_BUNDLE_IDENTIFIER = "s.tic-tac-toe-finalUITests";
				PRODUCT_NAME = "$(TARGET_NAME)";
				SWIFT_EMIT_LOC_STRINGS = NO;
				SWIFT_VERSION = 5.0;
				TARGETED_DEVICE_FAMILY = "1,2";
				TEST_TARGET_NAME = "tic tac toe final";
			};
			name = Debug;
		};
		BF039B88281878AF008F7525 /* Release */ = {
			isa = XCBuildConfiguration;
			buildSettings = {
				ALWAYS_EMBED_SWIFT_STANDARD_LIBRARIES = YES;
				CODE_SIGN_STYLE = Automatic;
				CURRENT_PROJECT_VERSION = 1;
				GENERATE_INFOPLIST_FILE = YES;
				MARKETING_VERSION = 1.0;
				PRODUCT_BUNDLE_IDENTIFIER = "s.tic-tac-toe-finalUITests";
				PRODUCT_NAME = "$(TARGET_NAME)";
				SWIFT_EMIT_LOC_STRINGS = NO;
				SWIFT_VERSION = 5.0;
				TARGETED_DEVICE_FAMILY = "1,2";
				TEST_TARGET_NAME = "tic tac toe final";
			};
			name = Release;
		};
/* End XCBuildConfiguration section */

/* Begin XCConfigurationList section */
		BF039B51281878AC008F7525 /* Build configuration list for PBXProject "tic tac toe final" */ = {
			isa = XCConfigurationList;
			buildConfigurations = (
				BF039B7E281878AF008F7525 /* Debug */,
				BF039B7F281878AF008F7525 /* Release */,
			);
			defaultConfigurationIsVisible = 0;
			defaultConfigurationName = Release;
		};
		BF039B80281878AF008F7525 /* Build configuration list for PBXNativeTarget "tic tac toe final" */ = {
			isa = XCConfigurationList;
			buildConfigurations = (
				BF039B81281878AF008F7525 /* Debug */,
				BF039B82281878AF008F7525 /* Release */,
			);
			defaultConfigurationIsVisible = 0;
			defaultConfigurationName = Release;
		};
		BF039B83281878AF008F7525 /* Build configuration list for PBXNativeTarget "tic tac toe finalTests" */ = {
			isa = XCConfigurationList;
			buildConfigurations = (
				BF039B84281878AF008F7525 /* Debug */,
				BF039B85281878AF008F7525 /* Release */,
			);
			defaultConfigurationIsVisible = 0;
			defaultConfigurationName = Release;
		};
		BF039B86281878AF008F7525 /* Build configuration list for PBXNativeTarget "tic tac toe finalUITests" */ = {
			isa = XCConfigurationList;
			buildConfigurations = (
				BF039B87281878AF008F7525 /* Debug */,
				BF039B88281878AF008F7525 /* Release */,
			);
			defaultConfigurationIsVisible = 0;
			defaultConfigurationName = Release;
		};
/* End XCConfigurationList section */
	};
	rootObject = BF039B4E281878AC008F7525 /* Project object */;
}
